
Microsoft Visual Studio Solution File, Format Version 12.00
# Visual Studio 2013
VisualStudioVersion = 12.0.30501.0
MinimumVisualStudioVersion = 10.0.40219.1
Project("{FAE04EC0-301F-11D3-BF4B-00C04F79EFBC}") = "ReflectionApi", "src\ReflectionApi\ReflectionApi.csproj", "{EAC4CF27-D3A7-4775-8345-60FCAA5175A4}"
EndProject
Project("{FAE04EC0-301F-11D3-BF4B-00C04F79EFBC}") = "ReflectionApi.TestConsole", "src\ReflectionApi.Console\ReflectionApi.TestConsole.csproj", "{4BFF6203-6794-4711-B840-E0AF1F994CBB}"
EndProject
Project("{FAE04EC0-301F-11D3-BF4B-00C04F79EFBC}") = "ReflectionApi.UnitTests", "src\ReflectionApi.UnitTests\ReflectionApi.UnitTests.csproj", "{975BB084-2AD3-4C76-8FCD-EF35685DE67A}"
EndProject
Project("{FAE04EC0-301F-11D3-BF4B-00C04F79EFBC}") = "ReflectionApi.Interface", "src\ReflectionApi.Interface\ReflectionApi.Interface.csproj", "{24DD46DB-EAC5-4954-A81B-FB2DDFEDE6F2}"
EndProject
Global
	GlobalSection(SolutionConfigurationPlatforms) = preSolution
		Debug|Any CPU = Debug|Any CPU
		Release|Any CPU = Release|Any CPU
	EndGlobalSection
	GlobalSection(ProjectConfigurationPlatforms) = postSolution
		{EAC4CF27-D3A7-4775-8345-60FCAA5175A4}.Debug|Any CPU.ActiveCfg = Debug|Any CPU
		{EAC4CF27-D3A7-4775-8345-60FCAA5175A4}.Debug|Any CPU.Build.0 = Debug|Any CPU
		{EAC4CF27-D3A7-4775-8345-60FCAA5175A4}.Release|Any CPU.ActiveCfg = Release|Any CPU
		{EAC4CF27-D3A7-4775-8345-60FCAA5175A4}.Release|Any CPU.Build.0 = Release|Any CPU
		{4BFF6203-6794-4711-B840-E0AF1F994CBB}.Debug|Any CPU.ActiveCfg = Debug|Any CPU
		{4BFF6203-6794-4711-B840-E0AF1F994CBB}.Debug|Any CPU.Build.0 = Debug|Any CPU
		{4BFF6203-6794-4711-B840-E0AF1F994CBB}.Release|Any CPU.ActiveCfg = Release|Any CPU
		{4BFF6203-6794-4711-B840-E0AF1F994CBB}.Release|Any CPU.Build.0 = Release|Any CPU
		{975BB084-2AD3-4C76-8FCD-EF35685DE67A}.Debug|Any CPU.ActiveCfg = Debug|Any CPU
		{975BB084-2AD3-4C76-8FCD-EF35685DE67A}.Debug|Any CPU.Build.0 = Debug|Any CPU
		{975BB084-2AD3-4C76-8FCD-EF35685DE67A}.Release|Any CPU.ActiveCfg = Release|Any CPU
		{975BB084-2AD3-4C76-8FCD-EF35685DE67A}.Release|Any CPU.Build.0 = Release|Any CPU
		{24DD46DB-EAC5-4954-A81B-FB2DDFEDE6F2}.Debug|Any CPU.ActiveCfg = Debug|Any CPU
		{24DD46DB-EAC5-4954-A81B-FB2DDFEDE6F2}.Debug|Any CPU.Build.0 = Debug|Any CPU
		{24DD46DB-EAC5-4954-A81B-FB2DDFEDE6F2}.Release|Any CPU.ActiveCfg = Release|Any CPU
		{24DD46DB-EAC5-4954-A81B-FB2DDFEDE6F2}.Release|Any CPU.Build.0 = Release|Any CPU
	EndGlobalSection
	GlobalSection(SolutionProperties) = preSolution
		HideSolutionNode = FALSE
	EndGlobalSection
EndGlobal
